PODS:
  - FBSnapshotTestCase (2.1.4):
    - FBSnapshotTestCase/SwiftSupport (= 2.1.4)
  - FBSnapshotTestCase/Core (2.1.4)
  - FBSnapshotTestCase/SwiftSupport (2.1.4):
    - FBSnapshotTestCase/Core
  - ORM2FMDB (0.1.0)

DEPENDENCIES:
  - FBSnapshotTestCase
  - ORM2FMDB (from `../`)

SPEC REPOS:
  trunk:
    - FBSnapshotTestCase

EXTERNAL SOURCES:
  ORM2FMDB:
    :path: "../"

SPEC CHECKSUMS:
  FBSnapshotTestCase: 094f9f314decbabe373b87cc339bea235a63e07a
  ORM2FMDB: f6270e3309ef0ef4992c517c3186e3534a49ebe0

PODFILE CHECKSUM: 90bf9ce727cdeb74d4469e2619314cc6e9aa1942

COCOAPODS: 1.8.4
